// !$*UTF8*$!
{
	archiveVersion = 1;
	classes = {
	};
	objectVersion = 56;
	objects = {

/* Begin PBXBuildFile section */
		AA000001000000000000001A /* RealLocalTransApp.swift in Sources */ = {isa = PBXBuildFile; fileRef = AA000001000000000000001B /* RealLocalTransApp.swift */; };
		AA000002000000000000001A /* ContentView.swift in Sources */ = {isa = PBXBuildFile; fileRef = AA000002000000000000001B /* ContentView.swift */; };
		AA000003000000000000001A /* SettingsView.swift in Sources */ = {isa = PBXBuildFile; fileRef = AA000003000000000000001B /* SettingsView.swift */; };
		AA000004000000000000001A /* AppSettings.swift in Sources */ = {isa = PBXBuildFile; fileRef = AA000004000000000000001B /* AppSettings.swift */; };
		AA000005000000000000001A /* AudioDevice.swift in Sources */ = {isa = PBXBuildFile; fileRef = AA000005000000000000001B /* AudioDevice.swift */; };
		AA000006000000000000001A /* AudioRouterService.swift in Sources */ = {isa = PBXBuildFile; fileRef = AA000006000000000000001B /* AudioRouterService.swift */; };
		AA000007000000000000001A /* LLMService.swift in Sources */ = {isa = PBXBuildFile; fileRef = AA000007000000000000001B /* LLMService.swift */; };
		AA000008000000000000001A /* SpeechRecognitionService.swift in Sources */ = {isa = PBXBuildFile; fileRef = AA000008000000000000001B /* SpeechRecognitionService.swift */; };
		AA000009000000000000001A /* SpeechSynthesisService.swift in Sources */ = {isa = PBXBuildFile; fileRef = AA000009000000000000001B /* SpeechSynthesisService.swift */; };
		AA00000A000000000000001A /* TranslationService.swift in Sources */ = {isa = PBXBuildFile; fileRef = AA00000A000000000000001B /* TranslationService.swift */; };
		AA00000B000000000000001A /* Assets.xcassets in Resources */ = {isa = PBXBuildFile; fileRef = AA00000B000000000000001B /* Assets.xcassets */; };
		AA00000C000000000000001A /* CoreAudio.framework in Frameworks */ = {isa = PBXBuildFile; fileRef = AA00000C000000000000001B /* CoreAudio.framework */; };
		AA00000D000000000000001A /* AVFoundation.framework in Frameworks */ = {isa = PBXBuildFile; fileRef = AA00000D000000000000001B /* AVFoundation.framework */; };
		AA00000E000000000000001A /* Speech.framework in Frameworks */ = {isa = PBXBuildFile; fileRef = AA00000E000000000000001B /* Speech.framework */; };
/* End PBXBuildFile section */

/* Begin PBXFileReference section */
		AA000001000000000000001B /* RealLocalTransApp.swift */ = {isa = PBXFileReference; lastKnownFileType = sourcecode.swift; path = RealLocalTransApp.swift; sourceTree = "<group>"; };
		AA000002000000000000001B /* ContentView.swift */ = {isa = PBXFileReference; lastKnownFileType = sourcecode.swift; path = ContentView.swift; sourceTree = "<group>"; };
		AA000003000000000000001B /* SettingsView.swift */ = {isa = PBXFileReference; lastKnownFileType = sourcecode.swift; path = SettingsView.swift; sourceTree = "<group>"; };
		AA000004000000000000001B /* AppSettings.swift */ = {isa = PBXFileReference; lastKnownFileType = sourcecode.swift; path = AppSettings.swift; sourceTree = "<group>"; };
		AA000005000000000000001B /* AudioDevice.swift */ = {isa = PBXFileReference; lastKnownFileType = sourcecode.swift; path = AudioDevice.swift; sourceTree = "<group>"; };
		AA000006000000000000001B /* AudioRouterService.swift */ = {isa = PBXFileReference; lastKnownFileType = sourcecode.swift; path = AudioRouterService.swift; sourceTree = "<group>"; };
		AA000007000000000000001B /* LLMService.swift */ = {isa = PBXFileReference; lastKnownFileType = sourcecode.swift; path = LLMService.swift; sourceTree = "<group>"; };
		AA000008000000000000001B /* SpeechRecognitionService.swift */ = {isa = PBXFileReference; lastKnownFileType = sourcecode.swift; path = SpeechRecognitionService.swift; sourceTree = "<group>"; };
		AA000009000000000000001B /* SpeechSynthesisService.swift */ = {isa = PBXFileReference; lastKnownFileType = sourcecode.swift; path = SpeechSynthesisService.swift; sourceTree = "<group>"; };
		AA00000A000000000000001B /* TranslationService.swift */ = {isa = PBXFileReference; lastKnownFileType = sourcecode.swift; path = TranslationService.swift; sourceTree = "<group>"; };
		AA00000B000000000000001B /* Assets.xcassets */ = {isa = PBXFileReference; lastKnownFileType = folder.assetcatalog; path = Assets.xcassets; sourceTree = "<group>"; };
		AA00000C000000000000001B /* CoreAudio.framework */ = {isa = PBXFileReference; lastKnownFileType = wrapper.framework; name = CoreAudio.framework; path = System/Library/Frameworks/CoreAudio.framework; sourceTree = SDKROOT; };
		AA00000D000000000000001B /* AVFoundation.framework */ = {isa = PBXFileReference; lastKnownFileType = wrapper.framework; name = AVFoundation.framework; path = System/Library/Frameworks/AVFoundation.framework; sourceTree = SDKROOT; };
		AA00000E000000000000001B /* Speech.framework */ = {isa = PBXFileReference; lastKnownFileType = wrapper.framework; name = Speech.framework; path = System/Library/Frameworks/Speech.framework; sourceTree = SDKROOT; };
		AA00000F000000000000001B /* Info.plist */ = {isa = PBXFileReference; lastKnownFileType = text.plist.xml; path = Info.plist; sourceTree = "<group>"; };
		AA000010000000000000001B /* RealLocalTrans.entitlements */ = {isa = PBXFileReference; lastKnownFileType = text.plist.entitlements; path = RealLocalTrans.entitlements; sourceTree = "<group>"; };
		AA000020000000000000001B /* RealLocalTrans.app */ = {isa = PBXFileReference; explicitFileType = wrapper.application; includeInIndex = 0; path = RealLocalTrans.app; sourceTree = BUILT_PRODUCTS_DIR; };
/* End PBXFileReference section */

/* Begin PBXFrameworksBuildPhase section */
		AA000030000000000000001A /* Frameworks */ = {
			isa = PBXFrameworksBuildPhase;
			buildActionMask = 2147483647;
			files = (
				AA00000C000000000000001A /* CoreAudio.framework in Frameworks */,
				AA00000D000000000000001A /* AVFoundation.framework in Frameworks */,
				AA00000E000000000000001A /* Speech.framework in Frameworks */,
			);
			runOnlyForDeploymentPostprocessing = 0;
		};
/* End PBXFrameworksBuildPhase section */

/* Begin PBXGroup section */
		AA000040000000000000001A /* RealLocalTrans */ = {
			isa = PBXGroup;
			children = (
				AA000050000000000000001A /* App */,
				AA000060000000000000001A /* Models */,
				AA000070000000000000001A /* Services */,
				AA00000B000000000000001B /* Assets.xcassets */,
				AA00000F000000000000001B /* Info.plist */,
				AA000010000000000000001B /* RealLocalTrans.entitlements */,
			);
			path = RealLocalTrans;
			sourceTree = "<group>";
		};
		AA000050000000000000001A /* App */ = {
			isa = PBXGroup;
			children = (
				AA000001000000000000001B /* RealLocalTransApp.swift */,
				AA000002000000000000001B /* ContentView.swift */,
				AA000003000000000000001B /* SettingsView.swift */,
			);
			name = App;
			sourceTree = "<group>";
		};
		AA000060000000000000001A /* Models */ = {
			isa = PBXGroup;
			children = (
				AA000004000000000000001B /* AppSettings.swift */,
				AA000005000000000000001B /* AudioDevice.swift */,
			);
			path = Models;
			sourceTree = "<group>";
		};
		AA000070000000000000001A /* Services */ = {
			isa = PBXGroup;
			children = (
				AA000006000000000000001B /* AudioRouterService.swift */,
				AA000007000000000000001B /* LLMService.swift */,
				AA000008000000000000001B /* SpeechRecognitionService.swift */,
				AA000009000000000000001B /* SpeechSynthesisService.swift */,
				AA00000A000000000000001B /* TranslationService.swift */,
			);
			path = Services;
			sourceTree = "<group>";
		};
		AA000080000000000000001A /* Frameworks */ = {
			isa = PBXGroup;
			children = (
				AA00000C000000000000001B /* CoreAudio.framework */,
				AA00000D000000000000001B /* AVFoundation.framework */,
				AA00000E000000000000001B /* Speech.framework */,
			);
			name = Frameworks;
			sourceTree = "<group>";
		};
		AA000090000000000000001A /* Products */ = {
			isa = PBXGroup;
			children = (
				AA000020000000000000001B /* RealLocalTrans.app */,
			);
			name = Products;
			sourceTree = "<group>";
		};
		AA0000A0000000000000001A /* root */ = {
			isa = PBXGroup;
			children = (
				AA000040000000000000001A /* RealLocalTrans */,
				AA000080000000000000001A /* Frameworks */,
				AA000090000000000000001A /* Products */,
			);
			sourceTree = "<group>";
		};
/* End PBXGroup section */

/* Begin PBXNativeTarget section */
		AA0000B0000000000000001A /* RealLocalTrans */ = {
			isa = PBXNativeTarget;
			buildConfigurationList = AA0000C0000000000000001A /* Build configuration list for PBXNativeTarget "RealLocalTrans" */;
			buildPhases = (
				AA0000D0000000000000001A /* Sources */,
				AA000030000000000000001A /* Frameworks */,
				AA0000E0000000000000001A /* Resources */,
			);
			buildRules = (
			);
			dependencies = (
			);
			name = RealLocalTrans;
			productName = RealLocalTrans;
			productReference = AA000020000000000000001B /* RealLocalTrans.app */;
			productType = "com.apple.product-type.application";
		};
/* End PBXNativeTarget section */

/* Begin PBXProject section */
		AA0000F0000000000000001A /* Project object */ = {
			isa = PBXProject;
			attributes = {
				BuildIndependentTargetsInParallel = 1;
				LastSwiftUpdateCheck = 1500;
				LastUpgradeCheck = 1500;
				TargetAttributes = {
					AA0000B0000000000000001A = {
						CreatedOnToolsVersion = 15.0;
					};
				};
			};
			buildConfigurationList = AA000100000000000000001A /* Build configuration list for PBXProject "RealLocalTrans" */;
			compatibilityVersion = "Xcode 14.0";
			developmentRegion = en;
			hasScannedForEncodings = 0;
			knownRegions = (
				en,
				Base,
			);
			mainGroup = AA0000A0000000000000001A /* root */;
			productRefGroup = AA000090000000000000001A /* Products */;
			projectDirPath = "";
			projectRoot = "";
			targets = (
				AA0000B0000000000000001A /* RealLocalTrans */,
			);
		};
/* End PBXProject section */

/* Begin PBXResourcesBuildPhase section */
		AA0000E0000000000000001A /* Resources */ = {
			isa = PBXResourcesBuildPhase;
			buildActionMask = 2147483647;
			files = (
				AA00000B000000000000001A /* Assets.xcassets in Resources */,
			);
			runOnlyForDeploymentPostprocessing = 0;
		};
/* End PBXResourcesBuildPhase section */

/* Begin PBXSourcesBuildPhase section */
		AA0000D0000000000000001A /* Sources */ = {
			isa = PBXSourcesBuildPhase;
			buildActionMask = 2147483647;
			files = (
				AA000001000000000000001A /* RealLocalTransApp.swift in Sources */,
				AA000002000000000000001A /* ContentView.swift in Sources */,
				AA000003000000000000001A /* SettingsView.swift in Sources */,
				AA000004000000000000001A /* AppSettings.swift in Sources */,
				AA000005000000000000001A /* AudioDevice.swift in Sources */,
				AA000006000000000000001A /* AudioRouterService.swift in Sources */,
				AA000007000000000000001A /* LLMService.swift in Sources */,
				AA000008000000000000001A /* SpeechRecognitionService.swift in Sources */,
				AA000009000000000000001A /* SpeechSynthesisService.swift in Sources */,
				AA00000A000000000000001A /* TranslationService.swift in Sources */,
			);
			runOnlyForDeploymentPostprocessing = 0;
		};
/* End PBXSourcesBuildPhase section */

/* Begin XCBuildConfiguration section */
		AA000110000000000000001A /* Debug */ = {
			isa = XCBuildConfiguration;
			buildSettings = {
				ALWAYS_SEARCH_USER_PATHS = NO;
				ASSETCATALOG_COMPILER_GENERATE_SWIFT_ASSET_SYMBOL_EXTENSIONS = YES;
				CLANG_ANALYZER_NONNULL = YES;
				CLANG_ANALYZER_NUMBER_OBJECT_CONVERSION = YES_AGGRESSIVE;
				CLANG_CXX_LANGUAGE_STANDARD = "gnu++20";
				CLANG_ENABLE_MODULES = YES;
				CLANG_ENABLE_OBJC_ARC = YES;
				CLANG_ENABLE_OBJC_WEAK = YES;
				CLANG_WARN_BLOCK_CAPTURE_AUTORELEASING = YES;
				CLANG_WARN_BOOL_CONVERSION = YES;
				CLANG_WARN_COMMA = YES;
				CLANG_WARN_CONSTANT_CONVERSION = YES;
				CLANG_WARN_DEPRECATED_OBJC_IMPLEMENTATIONS = YES;
				CLANG_WARN_DIRECT_OBJC_ISA_USAGE = YES_ERROR;
				CLANG_WARN_DOCUMENTATION_COMMENTS = YES;
				CLANG_WARN_EMPTY_BODY = YES;
				CLANG_WARN_ENUM_CONVERSION = YES;
				CLANG_WARN_INFINITE_RECURSION = YES;
				CLANG_WARN_INT_CONVERSION = YES;
				CLANG_WARN_NON_LITERAL_NULL_CONVERSION = YES;
				CLANG_WARN_OBJC_IMPLICIT_RETAIN_CYCLES = YES;
				CLANG_WARN_OBJC_LITERAL_CONVERSION = YES;
				CLANG_WARN_OBJC_ROOT_CLASS = YES_ERROR;
				CLANG_WARN_QUOTED_INCLUDE_IN_FRAMEWORK_HEADER = YES;
				CLANG_WARN_RANGE_LOOP_ANALYSIS = YES;
				CLANG_WARN_STRICT_PROTOTYPES = YES;
				CLANG_WARN_SUSPICIOUS_MOVE = YES;
				CLANG_WARN_UNGUARDED_AVAILABILITY = YES_AGGRESSIVE;
				CLANG_WARN_UNREACHABLE_CODE = YES;
				CLANG_WARN__DUPLICATE_METHOD_MATCH = YES;
				COPY_PHASE_STRIP = NO;
				DEBUG_INFORMATION_FORMAT = dwarf;
				ENABLE_STRICT_OBJC_MSGSEND = YES;
				ENABLE_TESTABILITY = YES;
				ENABLE_USER_SCRIPT_SANDBOXING = YES;
				GCC_C_LANGUAGE_STANDARD = gnu17;
				GCC_DYNAMIC_NO_PIC = NO;
				GCC_NO_COMMON_BLOCKS = YES;
				GCC_OPTIMIZATION_LEVEL = 0;
				GCC_PREPROCESSOR_DEFINITIONS = (
					"DEBUG=1",
					"$(inherited)",
				);
				GCC_WARN_64_TO_32_BIT_CONVERSION = YES;
				GCC_WARN_ABOUT_RETURN_TYPE = YES_ERROR;
				GCC_WARN_UNDECLARED_SELECTOR = YES;
				GCC_WARN_UNINITIALIZED_AUTOS = YES_AGGRESSIVE;
				GCC_WARN_UNUSED_FUNCTION = YES;
				GCC_WARN_UNUSED_VARIABLE = YES;
				LOCALIZATION_PREFERS_STRING_CATALOGS = YES;
				MACOSX_DEPLOYMENT_TARGET = 14.0;
				MTL_ENABLE_DEBUG_INFO = INCLUDE_SOURCE;
				MTL_FAST_MATH = YES;
				ONLY_ACTIVE_ARCH = YES;
				SDKROOT = macosx;
				SWIFT_ACTIVE_COMPILATION_CONDITIONS = "DEBUG $(inherited)";
				SWIFT_OPTIMIZATION_LEVEL = "-Onone";
			};
			name = Debug;
		};
		AA000120000000000000001A /* Release */ = {
			isa = XCBuildConfiguration;
			buildSettings = {
				ALWAYS_SEARCH_USER_PATHS = NO;
				ASSETCATALOG_COMPILER_GENERATE_SWIFT_ASSET_SYMBOL_EXTENSIONS = YES;
				CLANG_ANALYZER_NONNULL = YES;
				CLANG_ANALYZER_NUMBER_OBJECT_CONVERSION = YES_AGGRESSIVE;
				CLANG_CXX_LANGUAGE_STANDARD = "gnu++20";
				CLANG_ENABLE_MODULES = YES;
				CLANG_ENABLE_OBJC_ARC = YES;
				CLANG_ENABLE_OBJC_WEAK = YES;
				CLANG_WARN_BLOCK_CAPTURE_AUTORELEASING = YES;
				CLANG_WARN_BOOL_CONVERSION = YES;
				CLANG_WARN_COMMA = YES;
				CLANG_WARN_CONSTANT_CONVERSION = YES;
				CLANG_WARN_DEPRECATED_OBJC_IMPLEMENTATIONS = YES;
				CLANG_WARN_DIRECT_OBJC_ISA_USAGE = YES_ERROR;
				CLANG_WARN_DOCUMENTATION_COMMENTS = YES;
				CLANG_WARN_EMPTY_BODY = YES;
				CLANG_WARN_ENUM_CONVERSION = YES;
				CLANG_WARN_INFINITE_RECURSION = YES;
				CLANG_WARN_INT_CONVERSION = YES;
				CLANG_WARN_NON_LITERAL_NULL_CONVERSION = YES;
				CLANG_WARN_OBJC_IMPLICIT_RETAIN_CYCLES = YES;
				CLANG_WARN_OBJC_LITERAL_CONVERSION = YES;
				CLANG_WARN_OBJC_ROOT_CLASS = YES_ERROR;
				CLANG_WARN_QUOTED_INCLUDE_IN_FRAMEWORK_HEADER = YES;
				CLANG_WARN_RANGE_LOOP_ANALYSIS = YES;
				CLANG_WARN_STRICT_PROTOTYPES = YES;
				CLANG_WARN_SUSPICIOUS_MOVE = YES;
				CLANG_WARN_UNGUARDED_AVAILABILITY = YES_AGGRESSIVE;
				CLANG_WARN_UNREACHABLE_CODE = YES;
				CLANG_WARN__DUPLICATE_METHOD_MATCH = YES;
				COPY_PHASE_STRIP = NO;
				DEBUG_INFORMATION_FORMAT = "dwarf-with-dsym";
				ENABLE_NS_ASSERTIONS = NO;
				ENABLE_STRICT_OBJC_MSGSEND = YES;
				ENABLE_USER_SCRIPT_SANDBOXING = YES;
				GCC_C_LANGUAGE_STANDARD = gnu17;
				GCC_NO_COMMON_BLOCKS = YES;
				GCC_WARN_64_TO_32_BIT_CONVERSION = YES;
				GCC_WARN_ABOUT_RETURN_TYPE = YES_ERROR;
				GCC_WARN_UNDECLARED_SELECTOR = YES;
				GCC_WARN_UNINITIALIZED_AUTOS = YES_AGGRESSIVE;
				GCC_WARN_UNUSED_FUNCTION = YES;
				GCC_WARN_UNUSED_VARIABLE = YES;
				LOCALIZATION_PREFERS_STRING_CATALOGS = YES;
				MACOSX_DEPLOYMENT_TARGET = 14.0;
				MTL_FAST_MATH = YES;
				SDKROOT = macosx;
				SWIFT_COMPILATION_MODE = wholemodule;
				SWIFT_OPTIMIZATION_LEVEL = "-O";
			};
			name = Release;
		};
		AA000130000000000000001A /* Debug */ = {
			isa = XCBuildConfiguration;
			buildSettings = {
				ASSETCATALOG_COMPILER_APPICON_NAME = AppIcon;
				ASSETCATALOG_COMPILER_GLOBAL_ACCENT_COLOR_NAME = AccentColor;
				CODE_SIGN_ENTITLEMENTS = RealLocalTrans/RealLocalTrans.entitlements;
				CODE_SIGN_STYLE = Automatic;
				COMBINE_HIDPI_IMAGES = YES;
				CURRENT_PROJECT_VERSION = 1;
				GENERATE_INFOPLIST_FILE = NO;
				INFOPLIST_FILE = RealLocalTrans/Info.plist;
				INFOPLIST_KEY_NSHumanReadableCopyright = "";
				LD_RUNPATH_SEARCH_PATHS = (
					"$(inherited)",
					"@executable_path/../Frameworks",
				);
				MARKETING_VERSION = 1.0;
				PRODUCT_BUNDLE_IDENTIFIER = com.realtrans.RealLocalTrans;
				PRODUCT_NAME = "$(TARGET_NAME)";
				SWIFT_EMIT_LOC_STRINGS = YES;
				SWIFT_VERSION = 5.0;
			};
			name = Debug;
		};
		AA000140000000000000001A /* Release */ = {
			isa = XCBuildConfiguration;
			buildSettings = {
				ASSETCATALOG_COMPILER_APPICON_NAME = AppIcon;
				ASSETCATALOG_COMPILER_GLOBAL_ACCENT_COLOR_NAME = AccentColor;
				CODE_SIGN_ENTITLEMENTS = RealLocalTrans/RealLocalTrans.entitlements;
				CODE_SIGN_STYLE = Automatic;
				COMBINE_HIDPI_IMAGES = YES;
				CURRENT_PROJECT_VERSION = 1;
				GENERATE_INFOPLIST_FILE = NO;
				INFOPLIST_FILE = RealLocalTrans/Info.plist;
				INFOPLIST_KEY_NSHumanReadableCopyright = "";
				LD_RUNPATH_SEARCH_PATHS = (
					"$(inherited)",
					"@executable_path/../Frameworks",
				);
				MARKETING_VERSION = 1.0;
				PRODUCT_BUNDLE_IDENTIFIER = com.realtrans.RealLocalTrans;
				PRODUCT_NAME = "$(TARGET_NAME)";
				SWIFT_EMIT_LOC_STRINGS = YES;
				SWIFT_VERSION = 5.0;
			};
			name = Release;
		};
/* End XCBuildConfiguration section */

/* Begin XCConfigurationList section */
		AA000100000000000000001A /* Build configuration list for PBXProject "RealLocalTrans" */ = {
			isa = XCConfigurationList;
			buildConfigurations = (
				AA000110000000000000001A /* Debug */,
				AA000120000000000000001A /* Release */,
			);
			defaultConfigurationIsVisible = 0;
			defaultConfigurationName = Release;
		};
		AA0000C0000000000000001A /* Build configuration list for PBXNativeTarget "RealLocalTrans" */ = {
			isa = XCConfigurationList;
			buildConfigurations = (
				AA000130000000000000001A /* Debug */,
				AA000140000000000000001A /* Release */,
			);
			defaultConfigurationIsVisible = 0;
			defaultConfigurationName = Release;
		};
/* End XCConfigurationList section */

	};
	rootObject = AA0000F0000000000000001A /* Project object */;
}
